
Microsoft Visual Studio Solution File, Format Version 12.00
# Visual Studio Version 17
VisualStudioVersion = 17.9.34701.34
MinimumVisualStudioVersion = 10.0.40219.1
Project("{FAE04EC0-301F-11D3-BF4B-00C04F79EFBC}") = "Diakok", "Diakok\Diakok.csproj", "{AF2F56FE-786F-4648-8667-97A5DF174175}"
EndProject
Project("{FAE04EC0-301F-11D3-BF4B-00C04F79EFBC}") = "Diakok2", "Diakok2\Diakok2.csproj", "{6C3D736F-20FD-4185-9602-E392D70CBB75}"
EndProject
Global
	GlobalSection(SolutionConfigurationPlatforms) = preSolution
		Debug|Any CPU = Debug|Any CPU
		Release|Any CPU = Release|Any CPU
	EndGlobalSection
	GlobalSection(ProjectConfigurationPlatforms) = postSolution
		{AF2F56FE-786F-4648-8667-97A5DF174175}.Debug|Any CPU.ActiveCfg = Debug|Any CPU
		{AF2F56FE-786F-4648-8667-97A5DF174175}.Debug|Any CPU.Build.0 = Debug|Any CPU
		{AF2F56FE-786F-4648-8667-97A5DF174175}.Release|Any CPU.ActiveCfg = Release|Any CPU
		{AF2F56FE-786F-4648-8667-97A5DF174175}.Release|Any CPU.Build.0 = Release|Any CPU
		{6C3D736F-20FD-4185-9602-E392D70CBB75}.Debug|Any CPU.ActiveCfg = Debug|Any CPU
		{6C3D736F-20FD-4185-9602-E392D70CBB75}.Debug|Any CPU.Build.0 = Debug|Any CPU
		{6C3D736F-20FD-4185-9602-E392D70CBB75}.Release|Any CPU.ActiveCfg = Release|Any CPU
		{6C3D736F-20FD-4185-9602-E392D70CBB75}.Release|Any CPU.Build.0 = Release|Any CPU
	EndGlobalSection
	GlobalSection(SolutionProperties) = preSolution
		HideSolutionNode = FALSE
	EndGlobalSection
	GlobalSection(ExtensibilityGlobals) = postSolution
		SolutionGuid = {B2382410-B72A-43E6-8041-A953B42A47EC}
	EndGlobalSection
EndGlobal
